
Microsoft Visual Studio Solution File, Format Version 12.00
Project("{FAE04EC0-301F-11D3-BF4B-00C04F79EFBC}") = "TemperatureLib", "TemperatureLib.csproj", "{88FF1B81-0876-4A1D-AA72-01910ACA0FAB}"
EndProject
Global
	GlobalSection(SolutionConfigurationPlatforms) = preSolution
		Debug|Any CPU = Debug|Any CPU
		Release|Any CPU = Release|Any CPU
	EndGlobalSection
	GlobalSection(ProjectConfigurationPlatforms) = postSolution
		{88FF1B81-0876-4A1D-AA72-01910ACA0FAB}.Debug|Any CPU.ActiveCfg = Debug|Any CPU
		{88FF1B81-0876-4A1D-AA72-01910ACA0FAB}.Debug|Any CPU.Build.0 = Debug|Any CPU
		{88FF1B81-0876-4A1D-AA72-01910ACA0FAB}.Release|Any CPU.ActiveCfg = Release|Any CPU
		{88FF1B81-0876-4A1D-AA72-01910ACA0FAB}.Release|Any CPU.Build.0 = Release|Any CPU
	EndGlobalSection
EndGlobal
